
Microsoft Visual Studio Solution File, Format Version 12.00
# Visual Studio Version 16
VisualStudioVersion = 16.0.31702.278
MinimumVisualStudioVersion = 10.0.40219.1
Project("{FAE04EC0-301F-11D3-BF4B-00C04F79EFBC}") = "UserRegistration", "UserRegistration\UserRegistration.csproj", "{E9C19766-FBD9-4A4F-855E-1E9734AB17F1}"
EndProject
Project("{FAE04EC0-301F-11D3-BF4B-00C04F79EFBC}") = "UserTestMethod", "UserTestMethod\UserTestMethod.csproj", "{58A9304B-B9EF-4286-9925-D9A69ADCC956}"
EndProject
Global
	GlobalSection(SolutionConfigurationPlatforms) = preSolution
		Debug|Any CPU = Debug|Any CPU
		Release|Any CPU = Release|Any CPU
	EndGlobalSection
	GlobalSection(ProjectConfigurationPlatforms) = postSolution
		{E9C19766-FBD9-4A4F-855E-1E9734AB17F1}.Debug|Any CPU.ActiveCfg = Debug|Any CPU
		{E9C19766-FBD9-4A4F-855E-1E9734AB17F1}.Debug|Any CPU.Build.0 = Debug|Any CPU
		{E9C19766-FBD9-4A4F-855E-1E9734AB17F1}.Release|Any CPU.ActiveCfg = Release|Any CPU
		{E9C19766-FBD9-4A4F-855E-1E9734AB17F1}.Release|Any CPU.Build.0 = Release|Any CPU
		{58A9304B-B9EF-4286-9925-D9A69ADCC956}.Debug|Any CPU.ActiveCfg = Debug|Any CPU
		{58A9304B-B9EF-4286-9925-D9A69ADCC956}.Debug|Any CPU.Build.0 = Debug|Any CPU
		{58A9304B-B9EF-4286-9925-D9A69ADCC956}.Release|Any CPU.ActiveCfg = Release|Any CPU
		{58A9304B-B9EF-4286-9925-D9A69ADCC956}.Release|Any CPU.Build.0 = Release|Any CPU
	EndGlobalSection
	GlobalSection(SolutionProperties) = preSolution
		HideSolutionNode = FALSE
	EndGlobalSection
	GlobalSection(ExtensibilityGlobals) = postSolution
		SolutionGuid = {0F9ADB11-6473-457C-9ED5-E8D185204A4E}
	EndGlobalSection
EndGlobal
